
Microsoft Visual Studio Solution File, Format Version 12.00
# Visual Studio Version 17
VisualStudioVersion = 17.7.34031.279
MinimumVisualStudioVersion = 10.0.40219.1
Project("{FAE04EC0-301F-11D3-BF4B-00C04F79EFBC}") = "MatchingBrackets.Utility", "MatchingBrackets.Utility\MatchingBrackets.Utility.csproj", "{BD544638-D3B3-4981-83AF-63571A68E2F6}"
EndProject
Project("{FAE04EC0-301F-11D3-BF4B-00C04F79EFBC}") = "MatchingBrackets.ConsoleUI", "MatchingBrackets.ConsoleUI\MatchingBrackets.ConsoleUI.csproj", "{AECB6A1E-A085-4A87-B131-851AA675AA38}"
EndProject
Project("{FAE04EC0-301F-11D3-BF4B-00C04F79EFBC}") = "MatchingBrackets.Test", "MatchingBrackets.Test\MatchingBrackets.Test.csproj", "{9E4A75A4-BBD7-4C50-9229-117D1E229C09}"
EndProject
Global
	GlobalSection(SolutionConfigurationPlatforms) = preSolution
		Debug|Any CPU = Debug|Any CPU
		Release|Any CPU = Release|Any CPU
	EndGlobalSection
	GlobalSection(ProjectConfigurationPlatforms) = postSolution
		{BD544638-D3B3-4981-83AF-63571A68E2F6}.Debug|Any CPU.ActiveCfg = Debug|Any CPU
		{BD544638-D3B3-4981-83AF-63571A68E2F6}.Debug|Any CPU.Build.0 = Debug|Any CPU
		{BD544638-D3B3-4981-83AF-63571A68E2F6}.Release|Any CPU.ActiveCfg = Release|Any CPU
		{BD544638-D3B3-4981-83AF-63571A68E2F6}.Release|Any CPU.Build.0 = Release|Any CPU
		{AECB6A1E-A085-4A87-B131-851AA675AA38}.Debug|Any CPU.ActiveCfg = Debug|Any CPU
		{AECB6A1E-A085-4A87-B131-851AA675AA38}.Debug|Any CPU.Build.0 = Debug|Any CPU
		{AECB6A1E-A085-4A87-B131-851AA675AA38}.Release|Any CPU.ActiveCfg = Release|Any CPU
		{AECB6A1E-A085-4A87-B131-851AA675AA38}.Release|Any CPU.Build.0 = Release|Any CPU
		{9E4A75A4-BBD7-4C50-9229-117D1E229C09}.Debug|Any CPU.ActiveCfg = Debug|Any CPU
		{9E4A75A4-BBD7-4C50-9229-117D1E229C09}.Debug|Any CPU.Build.0 = Debug|Any CPU
		{9E4A75A4-BBD7-4C50-9229-117D1E229C09}.Release|Any CPU.ActiveCfg = Release|Any CPU
		{9E4A75A4-BBD7-4C50-9229-117D1E229C09}.Release|Any CPU.Build.0 = Release|Any CPU
	EndGlobalSection
	GlobalSection(SolutionProperties) = preSolution
		HideSolutionNode = FALSE
	EndGlobalSection
	GlobalSection(ExtensibilityGlobals) = postSolution
		SolutionGuid = {8518DE6F-E3E7-4FB6-A815-D63BFF7C1D1F}
	EndGlobalSection
EndGlobal
